
Microsoft Visual Studio Solution File, Format Version 12.00
# Visual Studio Version 17
VisualStudioVersion = 17.9.34728.123
MinimumVisualStudioVersion = 10.0.40219.1
Project("{FAE04EC0-301F-11D3-BF4B-00C04F79EFBC}") = "AuthECAPI", "AuthECAPI.csproj", "{B3B56BFA-ECFB-40E0-B39E-00610D33C881}"
EndProject
Global
	GlobalSection(SolutionConfigurationPlatforms) = preSolution
		Debug|Any CPU = Debug|Any CPU
		Release|Any CPU = Release|Any CPU
	EndGlobalSection
	GlobalSection(ProjectConfigurationPlatforms) = postSolution
		{B3B56BFA-ECFB-40E0-B39E-00610D33C881}.Debug|Any CPU.ActiveCfg = Debug|Any CPU
		{B3B56BFA-ECFB-40E0-B39E-00610D33C881}.Debug|Any CPU.Build.0 = Debug|Any CPU
		{B3B56BFA-ECFB-40E0-B39E-00610D33C881}.Release|Any CPU.ActiveCfg = Release|Any CPU
		{B3B56BFA-ECFB-40E0-B39E-00610D33C881}.Release|Any CPU.Build.0 = Release|Any CPU
	EndGlobalSection
	GlobalSection(SolutionProperties) = preSolution
		HideSolutionNode = FALSE
	EndGlobalSection
	GlobalSection(ExtensibilityGlobals) = postSolution
		SolutionGuid = {82158921-2676-416F-8E96-1926F093BB39}
	EndGlobalSection
EndGlobal
